
Microsoft Visual Studio Solution File, Format Version 12.00
# Visual Studio Version 16
VisualStudioVersion = 16.0.29613.14
MinimumVisualStudioVersion = 10.0.40219.1
Project("{FAE04EC0-301F-11D3-BF4B-00C04F79EFBC}") = "BeautySaloon", "BeautySaloon.csproj", "{304089F8-B8FE-474D-B6F2-02AC85D9E337}"
EndProject
Global
	GlobalSection(SolutionConfigurationPlatforms) = preSolution
		Debug|Any CPU = Debug|Any CPU
		Release|Any CPU = Release|Any CPU
	EndGlobalSection
	GlobalSection(ProjectConfigurationPlatforms) = postSolution
		{304089F8-B8FE-474D-B6F2-02AC85D9E337}.Debug|Any CPU.ActiveCfg = Debug|Any CPU
		{304089F8-B8FE-474D-B6F2-02AC85D9E337}.Debug|Any CPU.Build.0 = Debug|Any CPU
		{304089F8-B8FE-474D-B6F2-02AC85D9E337}.Release|Any CPU.ActiveCfg = Release|Any CPU
		{304089F8-B8FE-474D-B6F2-02AC85D9E337}.Release|Any CPU.Build.0 = Release|Any CPU
	EndGlobalSection
	GlobalSection(SolutionProperties) = preSolution
		HideSolutionNode = FALSE
	EndGlobalSection
	GlobalSection(ExtensibilityGlobals) = postSolution
		SolutionGuid = {69325220-186F-4C2C-9C20-7226F68904AE}
	EndGlobalSection
EndGlobal
